<?xml version="1.0" encoding="UTF-8" standalone="yes" ?>
<CodeBlocks_project_file>
	<FileVersion major="1" minor="6" />
	<Project>
		<Option title="Bild" />
		<Option pch_mode="2" />
		<Option compiler="gcc" />
		<Build>
			<Target title="Debug">
				<Option output="bin/Debug/probe_4" prefix_auto="1" extension_auto="1" />
				<Option object_output="obj/Debug/" />
				<Option type="1" />
				<Option compiler="gcc" />
				<Compiler>
					<Add option="-g" />
				</Compiler>
			</Target>
			<Target title="Release">
				<Option output="bin/Release/probe_4" prefix_auto="1" extension_auto="1" />
				<Option object_output="obj/Release/" />
				<Option type="1" />
				<Option compiler="gcc" />
				<Compiler>
					<Add option="-O2" />
				</Compiler>
				<Linker>
					<Add option="-s" />
				</Linker>
			</Target>
		</Build>
		<Compiler>
			<Add option="-Wall" />
			<Add option="-fexceptions" />
			<Add directory="../../../../../usr/include/opencv2" />
		</Compiler>
		<Linker>
			<Add library="../../../../../usr/lib/x86_64-linux-gnu/libopencv_core.so" />
			<Add library="../../../../../usr/lib/x86_64-linux-gnu/libopencv_highgui.so" />
			<Add library="../../../../../usr/lib/x86_64-linux-gnu/libopencv_imgcodecs.so" />
			<Add library="../../../../../usr/lib/x86_64-linux-gnu/libopencv_imgproc.so" />
			<Add library="../../../../../usr/lib/x86_64-linux-gnu/libopencv_video.so" />
			<Add library="../../../../../usr/lib/x86_64-linux-gnu/libopencv_videoio.so" />
			<Add library="../../../../../usr/lib/x86_64-linux-gnu/libopencv_videostab.so" />
			<Add library="../../../../../usr/lib/x86_64-linux-gnu/libjpeg.so" />
			<Add directory="../../../../../usr/lib" />
		</Linker>
		<Unit filename="Bild">
			<Option compile="1" />
			<Option link="1" />
		</Unit>
		<Extensions />
	</Project>
</CodeBlocks_project_file>
